
Microsoft Visual Studio Solution File, Format Version 12.00
# Visual Studio 15
VisualStudioVersion = 15.0.27004.2005
MinimumVisualStudioVersion = 10.0.40219.1
Project("{2150E333-8FDC-42A3-9474-1A3956D46DE8}") = "String", "String", "{7539E4E6-82D8-4E65-9E75-12E50BA61C2B}"
EndProject
Project("{2150E333-8FDC-42A3-9474-1A3956D46DE8}") = "Tree", "Tree", "{63C3BA2C-3FAD-498B-976B-577EF2FF4449}"
EndProject
Project("{FAE04EC0-301F-11D3-BF4B-00C04F79EFBC}") = "BinarySearchTree", "BinarySearchTree\BinarySearchTree.csproj", "{00643C95-E706-4522-A681-FB63D6AF8D40}"
EndProject
Project("{FAE04EC0-301F-11D3-BF4B-00C04F79EFBC}") = "StringSimpleProblems", "StringSimpleProblems\StringSimpleProblems.csproj", "{6E4C8BAD-8E5A-4AAE-B99A-6FDB3AF01195}"
EndProject
Project("{2150E333-8FDC-42A3-9474-1A3956D46DE8}") = "Array", "Array", "{5C54F685-4F51-4306-9DEE-86A38D4E4635}"
EndProject
Project("{FAE04EC0-301F-11D3-BF4B-00C04F79EFBC}") = "MatrixProblems", "MatrixProblems\MatrixProblems.csproj", "{78E1A7BB-ED26-46BB-A821-50F4E0C8449C}"
EndProject
Project("{FAE04EC0-301F-11D3-BF4B-00C04F79EFBC}") = "PermutationsOfString", "PermutationsOfString\PermutationsOfString.csproj", "{F6C4E8A3-6DC4-4E0D-9E12-DE07ACD02992}"
EndProject
Project("{2150E333-8FDC-42A3-9474-1A3956D46DE8}") = "LinkedList", "LinkedList", "{0BE1AF12-67F5-4FF8-A897-037CCA09EE17}"
EndProject
Project("{FAE04EC0-301F-11D3-BF4B-00C04F79EFBC}") = "CheckIfLinkedListIsPalindrom", "CheckIfLinkedListIsPalindrom\CheckIfLinkedListIsPalindrom.csproj", "{5EB29819-34B7-4483-8B1C-5D2B1AE9A7FD}"
EndProject
Project("{2150E333-8FDC-42A3-9474-1A3956D46DE8}") = "Sort_Search", "Sort_Search", "{A8E336B6-A70D-4E1A-9652-B12E6DF361F7}"
EndProject
Project("{FAE04EC0-301F-11D3-BF4B-00C04F79EFBC}") = "BinarySearch", "BinarySearch\BinarySearch.csproj", "{F88140F0-EC80-4E25-BB42-64B17745BAF5}"
EndProject
Project("{FAE04EC0-301F-11D3-BF4B-00C04F79EFBC}") = "ReverseStringProblem", "ReverseStringProblem\ReverseStringProblem.csproj", "{A00918D0-BEC2-4605-8388-43B8BA172BEB}"
EndProject
Project("{FAE04EC0-301F-11D3-BF4B-00C04F79EFBC}") = "StockBuySell", "StockBuySell\StockBuySell.csproj", "{E694A6B1-C42C-43D3-8AB5-A56A4FF445C3}"
EndProject
Project("{FAE04EC0-301F-11D3-BF4B-00C04F79EFBC}") = "SimpleArrayProblems", "SimpleArrayProblems\SimpleArrayProblems.csproj", "{566C0E2F-7A41-4FAF-B96E-1D0F9FD80B45}"
EndProject
Global
	GlobalSection(SolutionConfigurationPlatforms) = preSolution
		Debug|Any CPU = Debug|Any CPU
		Release|Any CPU = Release|Any CPU
	EndGlobalSection
	GlobalSection(ProjectConfigurationPlatforms) = postSolution
		{00643C95-E706-4522-A681-FB63D6AF8D40}.Debug|Any CPU.ActiveCfg = Debug|Any CPU
		{00643C95-E706-4522-A681-FB63D6AF8D40}.Debug|Any CPU.Build.0 = Debug|Any CPU
		{00643C95-E706-4522-A681-FB63D6AF8D40}.Release|Any CPU.ActiveCfg = Release|Any CPU
		{00643C95-E706-4522-A681-FB63D6AF8D40}.Release|Any CPU.Build.0 = Release|Any CPU
		{6E4C8BAD-8E5A-4AAE-B99A-6FDB3AF01195}.Debug|Any CPU.ActiveCfg = Debug|Any CPU
		{6E4C8BAD-8E5A-4AAE-B99A-6FDB3AF01195}.Debug|Any CPU.Build.0 = Debug|Any CPU
		{6E4C8BAD-8E5A-4AAE-B99A-6FDB3AF01195}.Release|Any CPU.ActiveCfg = Release|Any CPU
		{6E4C8BAD-8E5A-4AAE-B99A-6FDB3AF01195}.Release|Any CPU.Build.0 = Release|Any CPU
		{78E1A7BB-ED26-46BB-A821-50F4E0C8449C}.Debug|Any CPU.ActiveCfg = Debug|Any CPU
		{78E1A7BB-ED26-46BB-A821-50F4E0C8449C}.Debug|Any CPU.Build.0 = Debug|Any CPU
		{78E1A7BB-ED26-46BB-A821-50F4E0C8449C}.Release|Any CPU.ActiveCfg = Release|Any CPU
		{78E1A7BB-ED26-46BB-A821-50F4E0C8449C}.Release|Any CPU.Build.0 = Release|Any CPU
		{F6C4E8A3-6DC4-4E0D-9E12-DE07ACD02992}.Debug|Any CPU.ActiveCfg = Debug|Any CPU
		{F6C4E8A3-6DC4-4E0D-9E12-DE07ACD02992}.Debug|Any CPU.Build.0 = Debug|Any CPU
		{F6C4E8A3-6DC4-4E0D-9E12-DE07ACD02992}.Release|Any CPU.ActiveCfg = Release|Any CPU
		{F6C4E8A3-6DC4-4E0D-9E12-DE07ACD02992}.Release|Any CPU.Build.0 = Release|Any CPU
		{5EB29819-34B7-4483-8B1C-5D2B1AE9A7FD}.Debug|Any CPU.ActiveCfg = Debug|Any CPU
		{5EB29819-34B7-4483-8B1C-5D2B1AE9A7FD}.Debug|Any CPU.Build.0 = Debug|Any CPU
		{5EB29819-34B7-4483-8B1C-5D2B1AE9A7FD}.Release|Any CPU.ActiveCfg = Release|Any CPU
		{5EB29819-34B7-4483-8B1C-5D2B1AE9A7FD}.Release|Any CPU.Build.0 = Release|Any CPU
		{F88140F0-EC80-4E25-BB42-64B17745BAF5}.Debug|Any CPU.ActiveCfg = Debug|Any CPU
		{F88140F0-EC80-4E25-BB42-64B17745BAF5}.Debug|Any CPU.Build.0 = Debug|Any CPU
		{F88140F0-EC80-4E25-BB42-64B17745BAF5}.Release|Any CPU.ActiveCfg = Release|Any CPU
		{F88140F0-EC80-4E25-BB42-64B17745BAF5}.Release|Any CPU.Build.0 = Release|Any CPU
		{A00918D0-BEC2-4605-8388-43B8BA172BEB}.Debug|Any CPU.ActiveCfg = Debug|Any CPU
		{A00918D0-BEC2-4605-8388-43B8BA172BEB}.Debug|Any CPU.Build.0 = Debug|Any CPU
		{A00918D0-BEC2-4605-8388-43B8BA172BEB}.Release|Any CPU.ActiveCfg = Release|Any CPU
		{A00918D0-BEC2-4605-8388-43B8BA172BEB}.Release|Any CPU.Build.0 = Release|Any CPU
		{E694A6B1-C42C-43D3-8AB5-A56A4FF445C3}.Debug|Any CPU.ActiveCfg = Debug|Any CPU
		{E694A6B1-C42C-43D3-8AB5-A56A4FF445C3}.Debug|Any CPU.Build.0 = Debug|Any CPU
		{E694A6B1-C42C-43D3-8AB5-A56A4FF445C3}.Release|Any CPU.ActiveCfg = Release|Any CPU
		{E694A6B1-C42C-43D3-8AB5-A56A4FF445C3}.Release|Any CPU.Build.0 = Release|Any CPU
		{566C0E2F-7A41-4FAF-B96E-1D0F9FD80B45}.Debug|Any CPU.ActiveCfg = Debug|Any CPU
		{566C0E2F-7A41-4FAF-B96E-1D0F9FD80B45}.Debug|Any CPU.Build.0 = Debug|Any CPU
		{566C0E2F-7A41-4FAF-B96E-1D0F9FD80B45}.Release|Any CPU.ActiveCfg = Release|Any CPU
		{566C0E2F-7A41-4FAF-B96E-1D0F9FD80B45}.Release|Any CPU.Build.0 = Release|Any CPU
	EndGlobalSection
	GlobalSection(SolutionProperties) = preSolution
		HideSolutionNode = FALSE
	EndGlobalSection
	GlobalSection(NestedProjects) = preSolution
		{00643C95-E706-4522-A681-FB63D6AF8D40} = {63C3BA2C-3FAD-498B-976B-577EF2FF4449}
		{6E4C8BAD-8E5A-4AAE-B99A-6FDB3AF01195} = {7539E4E6-82D8-4E65-9E75-12E50BA61C2B}
		{78E1A7BB-ED26-46BB-A821-50F4E0C8449C} = {5C54F685-4F51-4306-9DEE-86A38D4E4635}
		{F6C4E8A3-6DC4-4E0D-9E12-DE07ACD02992} = {7539E4E6-82D8-4E65-9E75-12E50BA61C2B}
		{5EB29819-34B7-4483-8B1C-5D2B1AE9A7FD} = {0BE1AF12-67F5-4FF8-A897-037CCA09EE17}
		{F88140F0-EC80-4E25-BB42-64B17745BAF5} = {A8E336B6-A70D-4E1A-9652-B12E6DF361F7}
		{A00918D0-BEC2-4605-8388-43B8BA172BEB} = {7539E4E6-82D8-4E65-9E75-12E50BA61C2B}
		{E694A6B1-C42C-43D3-8AB5-A56A4FF445C3} = {5C54F685-4F51-4306-9DEE-86A38D4E4635}
		{566C0E2F-7A41-4FAF-B96E-1D0F9FD80B45} = {5C54F685-4F51-4306-9DEE-86A38D4E4635}
	EndGlobalSection
	GlobalSection(ExtensibilityGlobals) = postSolution
		SolutionGuid = {D35CB9B7-E748-419B-8976-8B37B0CB05EE}
	EndGlobalSection
EndGlobal
